{
  "nodes": {
    "flake-utils": {
      "inputs": {
        "systems": "systems"
      },
      "locked": {
        "lastModified": 1731533236,
        "narHash": "sha256-l0KFg5HjrsfsO/JpG+r7fRrqm12kzFHyUHqHCVpMMbI=",
        "owner": "numtide",
        "repo": "flake-utils",
        "rev": "11707dc2f618dd54ca8739b309ec4fc024de578b",
        "type": "github"
      },
      "original": {
        "owner": "numtide",
        "repo": "flake-utils",
        "type": "github"
      }
    },
    "home-manager": {
      "inputs": {
        "nixpkgs": [
          "xome",
          "nixpkgs"
        ]
      },
      "locked": {
        "lastModified": 1753983724,
        "narHash": "sha256-2vlAOJv4lBrE+P1uOGhZ1symyjXTRdn/mz0tZ6faQcg=",
        "owner": "nix-community",
        "repo": "home-manager",
        "rev": "7035020a507ed616e2b20c61491ae3eaa8e5462c",
        "type": "github"
      },
      "original": {
        "owner": "nix-community",
        "repo": "home-manager",
        "type": "github"
      }
    },
    "libSource": {
      "locked": {
        "lastModified": 1753579242,
        "narHash": "sha256-zvaMGVn14/Zz8hnp4VWT9xVnhc8vuL3TStRqwk22biA=",
        "owner": "divnix",
        "repo": "nixpkgs.lib",
        "rev": "0f36c44e01a6129be94e3ade315a5883f0228a6e",
        "type": "github"
      },
      "original": {
        "owner": "divnix",
        "repo": "nixpkgs.lib",
        "type": "github"
      }
    },
    "nixpkgs": {
      "locked": {
        "lastModified": 1753934836,
        "narHash": "sha256-G06FmIBj0I5bMW1Q8hAEIl5N7IHMK7+Ta4KA+BmneDA=",
        "owner": "NixOS",
        "repo": "nixpkgs",
        "rev": "8679b16e11becd487b45d568358ddf9d5640d860",
        "type": "github"
      },
      "original": {
        "owner": "NixOS",
        "ref": "nixpkgs-unstable",
        "repo": "nixpkgs",
        "type": "github"
      }
    },
    "nixpkgsWithNodejs16": {
      "locked": {
        "lastModified": 1700230496,
        "narHash": "sha256-pl8PLUQLigZgFZrafIXs2djne5kboimK6MYsZN8Ywtg=",
        "type": "tarball",
        "url": "https://github.com/NixOS/nixpkgs/archive/a71323f68d4377d12c04a5410e214495ec598d4c.tar.gz"
      },
      "original": {
        "type": "tarball",
        "url": "https://github.com/NixOS/nixpkgs/archive/a71323f68d4377d12c04a5410e214495ec598d4c.tar.gz"
      }
    },
    "nixpkgsWithRuby": {
      "locked": {
        "lastModified": 1683147496,
        "narHash": "sha256-UlXIvhey8Ttg90zjljGZtb2MnC4gQ90PtE0IKm82yWI=",
        "type": "tarball",
        "url": "https://github.com/NixOS/nixpkgs/archive/ebf88190cce9a092f9c7abe195548057a0273e51.tar.gz"
      },
      "original": {
        "type": "tarball",
        "url": "https://github.com/NixOS/nixpkgs/archive/ebf88190cce9a092f9c7abe195548057a0273e51.tar.gz"
      }
    },
    "nixpkgs_2": {
      "locked": {
        "lastModified": 1753934836,
        "narHash": "sha256-G06FmIBj0I5bMW1Q8hAEIl5N7IHMK7+Ta4KA+BmneDA=",
        "owner": "NixOS",
        "repo": "nixpkgs",
        "rev": "8679b16e11becd487b45d568358ddf9d5640d860",
        "type": "github"
      },
      "original": {
        "owner": "NixOS",
        "ref": "nixpkgs-unstable",
        "repo": "nixpkgs",
        "type": "github"
      }
    },
    "root": {
      "inputs": {
        "nixpkgs": "nixpkgs",
        "nixpkgsWithNodejs16": "nixpkgsWithNodejs16",
        "nixpkgsWithRuby": "nixpkgsWithRuby",
        "xome": "xome"
      }
    },
    "systems": {
      "locked": {
        "lastModified": 1681028828,
        "narHash": "sha256-Vy1rq5AaRuLzOxct8nz4T6wlgyUR7zLU309k9mBC768=",
        "owner": "nix-systems",
        "repo": "default",
        "rev": "da67096a3b9bf56a91d16901293e51ba5b49a27e",
        "type": "github"
      },
      "original": {
        "owner": "nix-systems",
        "repo": "default",
        "type": "github"
      }
    },
    "xome": {
      "inputs": {
        "flake-utils": "flake-utils",
        "home-manager": "home-manager",
        "libSource": "libSource",
        "nixpkgs": "nixpkgs_2"
      },
      "locked": {
        "lastModified": 1754050179,
        "narHash": "sha256-w0Cz6GUbV/FlrerqW7/nliYDSdhdDWbhjmoshtELnrs=",
        "owner": "jeff-hykin",
        "repo": "xome",
        "rev": "c6ea52a18ef9d25257f23dcfb81f773beb889453",
        "type": "github"
      },
      "original": {
        "owner": "jeff-hykin",
        "repo": "xome",
        "type": "github"
      }
    }
  },
  "root": "root",
  "version": 7
}
